
Microsoft Visual Studio Solution File, Format Version 12.00
# Visual Studio Version 16
VisualStudioVersion = 16.0.33130.400
MinimumVisualStudioVersion = 10.0.40219.1
Project("{9A19103F-16F7-4668-BE54-9A1E7A4F7556}") = "Example01", "Example01\Example01.csproj", "{2FE0DBF6-4E29-4FA0-BFC6-720C55BFD141}"
EndProject
Project("{9A19103F-16F7-4668-BE54-9A1E7A4F7556}") = "Example02", "Example02\Example02.csproj", "{CB3867E9-BAF2-4FC7-AA2E-B42A03DEB02C}"
EndProject
Project("{9A19103F-16F7-4668-BE54-9A1E7A4F7556}") = "Example03", "Example03\Example03.csproj", "{D977ED04-7B7F-4F7D-809D-DBDE2274FD74}"
EndProject
Project("{FAE04EC0-301F-11D3-BF4B-00C04F79EFBC}") = "Example04", "Example04\Example04.csproj", "{2C18297D-625A-4C0A-9AA5-62075A7B1748}"
EndProject
Project("{FAE04EC0-301F-11D3-BF4B-00C04F79EFBC}") = "Example05", "Example05\Example05.csproj", "{71344DFE-57CC-4C43-92BA-02B2A3FFF8EE}"
EndProject
Project("{FAE04EC0-301F-11D3-BF4B-00C04F79EFBC}") = "Example06", "Example06\Example06.csproj", "{D5E6861C-15D6-4A59-A0E7-68EB69FFE9E8}"
EndProject
Project("{FAE04EC0-301F-11D3-BF4B-00C04F79EFBC}") = "Example07", "Example07\Example07.csproj", "{C74056B9-3914-473F-97B9-3ACBE74FE6B3}"
EndProject
Global
	GlobalSection(SolutionConfigurationPlatforms) = preSolution
		Debug|Any CPU = Debug|Any CPU
		Release|Any CPU = Release|Any CPU
	EndGlobalSection
	GlobalSection(ProjectConfigurationPlatforms) = postSolution
		{2FE0DBF6-4E29-4FA0-BFC6-720C55BFD141}.Debug|Any CPU.ActiveCfg = Debug|Any CPU
		{2FE0DBF6-4E29-4FA0-BFC6-720C55BFD141}.Debug|Any CPU.Build.0 = Debug|Any CPU
		{2FE0DBF6-4E29-4FA0-BFC6-720C55BFD141}.Release|Any CPU.ActiveCfg = Release|Any CPU
		{2FE0DBF6-4E29-4FA0-BFC6-720C55BFD141}.Release|Any CPU.Build.0 = Release|Any CPU
		{CB3867E9-BAF2-4FC7-AA2E-B42A03DEB02C}.Debug|Any CPU.ActiveCfg = Debug|Any CPU
		{CB3867E9-BAF2-4FC7-AA2E-B42A03DEB02C}.Debug|Any CPU.Build.0 = Debug|Any CPU
		{CB3867E9-BAF2-4FC7-AA2E-B42A03DEB02C}.Release|Any CPU.ActiveCfg = Release|Any CPU
		{CB3867E9-BAF2-4FC7-AA2E-B42A03DEB02C}.Release|Any CPU.Build.0 = Release|Any CPU
		{D977ED04-7B7F-4F7D-809D-DBDE2274FD74}.Debug|Any CPU.ActiveCfg = Debug|Any CPU
		{D977ED04-7B7F-4F7D-809D-DBDE2274FD74}.Debug|Any CPU.Build.0 = Debug|Any CPU
		{D977ED04-7B7F-4F7D-809D-DBDE2274FD74}.Release|Any CPU.ActiveCfg = Release|Any CPU
		{D977ED04-7B7F-4F7D-809D-DBDE2274FD74}.Release|Any CPU.Build.0 = Release|Any CPU
		{2C18297D-625A-4C0A-9AA5-62075A7B1748}.Debug|Any CPU.ActiveCfg = Debug|Any CPU
		{2C18297D-625A-4C0A-9AA5-62075A7B1748}.Debug|Any CPU.Build.0 = Debug|Any CPU
		{2C18297D-625A-4C0A-9AA5-62075A7B1748}.Release|Any CPU.ActiveCfg = Release|Any CPU
		{2C18297D-625A-4C0A-9AA5-62075A7B1748}.Release|Any CPU.Build.0 = Release|Any CPU
		{71344DFE-57CC-4C43-92BA-02B2A3FFF8EE}.Debug|Any CPU.ActiveCfg = Debug|Any CPU
		{71344DFE-57CC-4C43-92BA-02B2A3FFF8EE}.Debug|Any CPU.Build.0 = Debug|Any CPU
		{71344DFE-57CC-4C43-92BA-02B2A3FFF8EE}.Release|Any CPU.ActiveCfg = Release|Any CPU
		{71344DFE-57CC-4C43-92BA-02B2A3FFF8EE}.Release|Any CPU.Build.0 = Release|Any CPU
		{D5E6861C-15D6-4A59-A0E7-68EB69FFE9E8}.Debug|Any CPU.ActiveCfg = Debug|Any CPU
		{D5E6861C-15D6-4A59-A0E7-68EB69FFE9E8}.Debug|Any CPU.Build.0 = Debug|Any CPU
		{D5E6861C-15D6-4A59-A0E7-68EB69FFE9E8}.Release|Any CPU.ActiveCfg = Release|Any CPU
		{D5E6861C-15D6-4A59-A0E7-68EB69FFE9E8}.Release|Any CPU.Build.0 = Release|Any CPU
		{C74056B9-3914-473F-97B9-3ACBE74FE6B3}.Debug|Any CPU.ActiveCfg = Debug|Any CPU
		{C74056B9-3914-473F-97B9-3ACBE74FE6B3}.Debug|Any CPU.Build.0 = Debug|Any CPU
		{C74056B9-3914-473F-97B9-3ACBE74FE6B3}.Release|Any CPU.ActiveCfg = Release|Any CPU
		{C74056B9-3914-473F-97B9-3ACBE74FE6B3}.Release|Any CPU.Build.0 = Release|Any CPU
	EndGlobalSection
	GlobalSection(SolutionProperties) = preSolution
		HideSolutionNode = FALSE
	EndGlobalSection
	GlobalSection(ExtensibilityGlobals) = postSolution
		SolutionGuid = {F1BF1E6D-2097-48A5-891E-DD6955820585}
	EndGlobalSection
EndGlobal
