
Microsoft Visual Studio Solution File, Format Version 12.00
# Visual Studio Version 16
VisualStudioVersion = 16.0.33130.400
MinimumVisualStudioVersion = 10.0.40219.1
Project("{9A19103F-16F7-4668-BE54-9A1E7A4F7556}") = "Example01", "Example01\Example01.csproj", "{2FE0DBF6-4E29-4FA0-BFC6-720C55BFD141}"
EndProject
Project("{9A19103F-16F7-4668-BE54-9A1E7A4F7556}") = "Example02", "Example02\Example02.csproj", "{CB3867E9-BAF2-4FC7-AA2E-B42A03DEB02C}"
EndProject
Project("{9A19103F-16F7-4668-BE54-9A1E7A4F7556}") = "Example03", "Example03\Example03.csproj", "{D977ED04-7B7F-4F7D-809D-DBDE2274FD74}"
EndProject
Project("{9A19103F-16F7-4668-BE54-9A1E7A4F7556}") = "Example04", "Example04\Example04.csproj", "{AD868FA3-4052-425D-82A1-512AE3774D52}"
EndProject
Project("{9A19103F-16F7-4668-BE54-9A1E7A4F7556}") = "Example05", "Example05\Example05.csproj", "{2977FD68-36EF-46E5-8FDF-AF0BDFE929F9}"
EndProject
Project("{9A19103F-16F7-4668-BE54-9A1E7A4F7556}") = "Example06", "Example06\Example06.csproj", "{CD79FD12-2BB7-4CDB-B884-F6B63276E8BB}"
EndProject
Project("{9A19103F-16F7-4668-BE54-9A1E7A4F7556}") = "Example07", "Example07\Example07.csproj", "{7F152750-6647-4337-BC0E-9BF82D58CE59}"
EndProject
Project("{9A19103F-16F7-4668-BE54-9A1E7A4F7556}") = "Example08", "Example08\Example08.csproj", "{8366CD34-7236-4AE2-82F5-24BA4B1EF264}"
EndProject
Project("{9A19103F-16F7-4668-BE54-9A1E7A4F7556}") = "Example09", "Example09\Example09.csproj", "{AA56018E-BD6C-4FDD-9A04-4D84014FCDFE}"
EndProject
Project("{9A19103F-16F7-4668-BE54-9A1E7A4F7556}") = "Example10", "Example10\Example10.csproj", "{7D6963AA-4C0A-4F62-8081-37EBA86917C3}"
EndProject
Project("{9A19103F-16F7-4668-BE54-9A1E7A4F7556}") = "Example11", "Example11\Example11.csproj", "{7D8D275F-CCE8-4A3F-9F1F-5202C9C12089}"
EndProject
Project("{9A19103F-16F7-4668-BE54-9A1E7A4F7556}") = "Example12", "Example12\Example12.csproj", "{1AB5D75D-4CAB-4509-B576-C5826EF02A41}"
EndProject
Project("{9A19103F-16F7-4668-BE54-9A1E7A4F7556}") = "Example13", "Example13\Example13.csproj", "{DB60587B-B72A-494B-BE6A-330ADAEC9485}"
EndProject
Project("{9A19103F-16F7-4668-BE54-9A1E7A4F7556}") = "Example14", "Example14\Example14.csproj", "{2D0E6BA2-BBA6-43D2-BD7D-5DBAF489A6F2}"
EndProject
Project("{9A19103F-16F7-4668-BE54-9A1E7A4F7556}") = "Example15", "Example15\Example15.csproj", "{19545D88-D00A-4A3D-B945-1E13959B53E9}"
EndProject
Project("{9A19103F-16F7-4668-BE54-9A1E7A4F7556}") = "Example16", "Example16\Example16.csproj", "{3BBE8A29-B0B4-4EB8-894F-75399AB3B97C}"
EndProject
Project("{9A19103F-16F7-4668-BE54-9A1E7A4F7556}") = "Example17", "Example17\Example17.csproj", "{2081FC11-76D0-4EAA-97E9-86E9DDA0066F}"
EndProject
Project("{9A19103F-16F7-4668-BE54-9A1E7A4F7556}") = "Example18", "Example18\Example18.csproj", "{07EF0EF5-F6CA-40B7-AC17-B31342645886}"
EndProject
Project("{9A19103F-16F7-4668-BE54-9A1E7A4F7556}") = "Example19", "Example19\Example19.csproj", "{B6699295-92D2-4EE4-8F93-F7E5D46BB9BA}"
EndProject
Project("{9A19103F-16F7-4668-BE54-9A1E7A4F7556}") = "Example20", "Example20\Example20.csproj", "{1ADC00C0-81C1-44F3-AFAB-B473B05A47AD}"
EndProject
Project("{9A19103F-16F7-4668-BE54-9A1E7A4F7556}") = "Example21", "Example21\Example21.csproj", "{D0A86975-BDAC-435D-B93E-7824FF16DA1F}"
EndProject
Project("{9A19103F-16F7-4668-BE54-9A1E7A4F7556}") = "Example22", "Example22\Example22.csproj", "{B66F858C-884D-481D-8822-69DC1DD43804}"
EndProject
Project("{9A19103F-16F7-4668-BE54-9A1E7A4F7556}") = "Example23", "Example23\Example23.csproj", "{7A3DC214-DEB3-4D55-B2DC-991891CF1D92}"
EndProject
Project("{9A19103F-16F7-4668-BE54-9A1E7A4F7556}") = "Example24", "Example24\Example24.csproj", "{AF2B69F1-66F9-4033-8DDD-897A2B8F5327}"
EndProject
Project("{9A19103F-16F7-4668-BE54-9A1E7A4F7556}") = "Example25", "Example25\Example25.csproj", "{B7AB8234-972D-46D7-BB55-D85067C93763}"
EndProject
Project("{9A19103F-16F7-4668-BE54-9A1E7A4F7556}") = "Example26", "Example26\Example26.csproj", "{03A3921B-F842-4452-8259-D27A5524312A}"
EndProject
Project("{9A19103F-16F7-4668-BE54-9A1E7A4F7556}") = "Example27", "Example27\Example27.csproj", "{0113282C-566F-4FBE-9E0D-DC73F1E0B073}"
EndProject
Project("{FAE04EC0-301F-11D3-BF4B-00C04F79EFBC}") = "Example28", "Example28\Example28.csproj", "{0D2F25D2-DD24-4AB4-A6A9-81A2CD276898}"
EndProject
Global
	GlobalSection(SolutionConfigurationPlatforms) = preSolution
		Debug|Any CPU = Debug|Any CPU
		Release|Any CPU = Release|Any CPU
	EndGlobalSection
	GlobalSection(ProjectConfigurationPlatforms) = postSolution
		{2FE0DBF6-4E29-4FA0-BFC6-720C55BFD141}.Debug|Any CPU.ActiveCfg = Debug|Any CPU
		{2FE0DBF6-4E29-4FA0-BFC6-720C55BFD141}.Debug|Any CPU.Build.0 = Debug|Any CPU
		{2FE0DBF6-4E29-4FA0-BFC6-720C55BFD141}.Release|Any CPU.ActiveCfg = Release|Any CPU
		{2FE0DBF6-4E29-4FA0-BFC6-720C55BFD141}.Release|Any CPU.Build.0 = Release|Any CPU
		{CB3867E9-BAF2-4FC7-AA2E-B42A03DEB02C}.Debug|Any CPU.ActiveCfg = Debug|Any CPU
		{CB3867E9-BAF2-4FC7-AA2E-B42A03DEB02C}.Debug|Any CPU.Build.0 = Debug|Any CPU
		{CB3867E9-BAF2-4FC7-AA2E-B42A03DEB02C}.Release|Any CPU.ActiveCfg = Release|Any CPU
		{CB3867E9-BAF2-4FC7-AA2E-B42A03DEB02C}.Release|Any CPU.Build.0 = Release|Any CPU
		{D977ED04-7B7F-4F7D-809D-DBDE2274FD74}.Debug|Any CPU.ActiveCfg = Debug|Any CPU
		{D977ED04-7B7F-4F7D-809D-DBDE2274FD74}.Debug|Any CPU.Build.0 = Debug|Any CPU
		{D977ED04-7B7F-4F7D-809D-DBDE2274FD74}.Release|Any CPU.ActiveCfg = Release|Any CPU
		{D977ED04-7B7F-4F7D-809D-DBDE2274FD74}.Release|Any CPU.Build.0 = Release|Any CPU
		{AD868FA3-4052-425D-82A1-512AE3774D52}.Debug|Any CPU.ActiveCfg = Debug|Any CPU
		{AD868FA3-4052-425D-82A1-512AE3774D52}.Debug|Any CPU.Build.0 = Debug|Any CPU
		{AD868FA3-4052-425D-82A1-512AE3774D52}.Release|Any CPU.ActiveCfg = Release|Any CPU
		{AD868FA3-4052-425D-82A1-512AE3774D52}.Release|Any CPU.Build.0 = Release|Any CPU
		{2977FD68-36EF-46E5-8FDF-AF0BDFE929F9}.Debug|Any CPU.ActiveCfg = Debug|Any CPU
		{2977FD68-36EF-46E5-8FDF-AF0BDFE929F9}.Debug|Any CPU.Build.0 = Debug|Any CPU
		{2977FD68-36EF-46E5-8FDF-AF0BDFE929F9}.Release|Any CPU.ActiveCfg = Release|Any CPU
		{2977FD68-36EF-46E5-8FDF-AF0BDFE929F9}.Release|Any CPU.Build.0 = Release|Any CPU
		{CD79FD12-2BB7-4CDB-B884-F6B63276E8BB}.Debug|Any CPU.ActiveCfg = Debug|Any CPU
		{CD79FD12-2BB7-4CDB-B884-F6B63276E8BB}.Debug|Any CPU.Build.0 = Debug|Any CPU
		{CD79FD12-2BB7-4CDB-B884-F6B63276E8BB}.Release|Any CPU.ActiveCfg = Release|Any CPU
		{CD79FD12-2BB7-4CDB-B884-F6B63276E8BB}.Release|Any CPU.Build.0 = Release|Any CPU
		{7F152750-6647-4337-BC0E-9BF82D58CE59}.Debug|Any CPU.ActiveCfg = Debug|Any CPU
		{7F152750-6647-4337-BC0E-9BF82D58CE59}.Debug|Any CPU.Build.0 = Debug|Any CPU
		{7F152750-6647-4337-BC0E-9BF82D58CE59}.Release|Any CPU.ActiveCfg = Release|Any CPU
		{7F152750-6647-4337-BC0E-9BF82D58CE59}.Release|Any CPU.Build.0 = Release|Any CPU
		{8366CD34-7236-4AE2-82F5-24BA4B1EF264}.Debug|Any CPU.ActiveCfg = Debug|Any CPU
		{8366CD34-7236-4AE2-82F5-24BA4B1EF264}.Debug|Any CPU.Build.0 = Debug|Any CPU
		{8366CD34-7236-4AE2-82F5-24BA4B1EF264}.Release|Any CPU.ActiveCfg = Release|Any CPU
		{8366CD34-7236-4AE2-82F5-24BA4B1EF264}.Release|Any CPU.Build.0 = Release|Any CPU
		{AA56018E-BD6C-4FDD-9A04-4D84014FCDFE}.Debug|Any CPU.ActiveCfg = Debug|Any CPU
		{AA56018E-BD6C-4FDD-9A04-4D84014FCDFE}.Debug|Any CPU.Build.0 = Debug|Any CPU
		{AA56018E-BD6C-4FDD-9A04-4D84014FCDFE}.Release|Any CPU.ActiveCfg = Release|Any CPU
		{AA56018E-BD6C-4FDD-9A04-4D84014FCDFE}.Release|Any CPU.Build.0 = Release|Any CPU
		{7D6963AA-4C0A-4F62-8081-37EBA86917C3}.Debug|Any CPU.ActiveCfg = Debug|Any CPU
		{7D6963AA-4C0A-4F62-8081-37EBA86917C3}.Debug|Any CPU.Build.0 = Debug|Any CPU
		{7D6963AA-4C0A-4F62-8081-37EBA86917C3}.Release|Any CPU.ActiveCfg = Release|Any CPU
		{7D6963AA-4C0A-4F62-8081-37EBA86917C3}.Release|Any CPU.Build.0 = Release|Any CPU
		{7D8D275F-CCE8-4A3F-9F1F-5202C9C12089}.Debug|Any CPU.ActiveCfg = Debug|Any CPU
		{7D8D275F-CCE8-4A3F-9F1F-5202C9C12089}.Debug|Any CPU.Build.0 = Debug|Any CPU
		{7D8D275F-CCE8-4A3F-9F1F-5202C9C12089}.Release|Any CPU.ActiveCfg = Release|Any CPU
		{7D8D275F-CCE8-4A3F-9F1F-5202C9C12089}.Release|Any CPU.Build.0 = Release|Any CPU
		{1AB5D75D-4CAB-4509-B576-C5826EF02A41}.Debug|Any CPU.ActiveCfg = Debug|Any CPU
		{1AB5D75D-4CAB-4509-B576-C5826EF02A41}.Debug|Any CPU.Build.0 = Debug|Any CPU
		{1AB5D75D-4CAB-4509-B576-C5826EF02A41}.Release|Any CPU.ActiveCfg = Release|Any CPU
		{1AB5D75D-4CAB-4509-B576-C5826EF02A41}.Release|Any CPU.Build.0 = Release|Any CPU
		{DB60587B-B72A-494B-BE6A-330ADAEC9485}.Debug|Any CPU.ActiveCfg = Debug|Any CPU
		{DB60587B-B72A-494B-BE6A-330ADAEC9485}.Debug|Any CPU.Build.0 = Debug|Any CPU
		{DB60587B-B72A-494B-BE6A-330ADAEC9485}.Release|Any CPU.ActiveCfg = Release|Any CPU
		{DB60587B-B72A-494B-BE6A-330ADAEC9485}.Release|Any CPU.Build.0 = Release|Any CPU
		{2D0E6BA2-BBA6-43D2-BD7D-5DBAF489A6F2}.Debug|Any CPU.ActiveCfg = Debug|Any CPU
		{2D0E6BA2-BBA6-43D2-BD7D-5DBAF489A6F2}.Debug|Any CPU.Build.0 = Debug|Any CPU
		{2D0E6BA2-BBA6-43D2-BD7D-5DBAF489A6F2}.Release|Any CPU.ActiveCfg = Release|Any CPU
		{2D0E6BA2-BBA6-43D2-BD7D-5DBAF489A6F2}.Release|Any CPU.Build.0 = Release|Any CPU
		{19545D88-D00A-4A3D-B945-1E13959B53E9}.Debug|Any CPU.ActiveCfg = Debug|Any CPU
		{19545D88-D00A-4A3D-B945-1E13959B53E9}.Debug|Any CPU.Build.0 = Debug|Any CPU
		{19545D88-D00A-4A3D-B945-1E13959B53E9}.Release|Any CPU.ActiveCfg = Release|Any CPU
		{19545D88-D00A-4A3D-B945-1E13959B53E9}.Release|Any CPU.Build.0 = Release|Any CPU
		{3BBE8A29-B0B4-4EB8-894F-75399AB3B97C}.Debug|Any CPU.ActiveCfg = Debug|Any CPU
		{3BBE8A29-B0B4-4EB8-894F-75399AB3B97C}.Debug|Any CPU.Build.0 = Debug|Any CPU
		{3BBE8A29-B0B4-4EB8-894F-75399AB3B97C}.Release|Any CPU.ActiveCfg = Release|Any CPU
		{3BBE8A29-B0B4-4EB8-894F-75399AB3B97C}.Release|Any CPU.Build.0 = Release|Any CPU
		{2081FC11-76D0-4EAA-97E9-86E9DDA0066F}.Debug|Any CPU.ActiveCfg = Debug|Any CPU
		{2081FC11-76D0-4EAA-97E9-86E9DDA0066F}.Debug|Any CPU.Build.0 = Debug|Any CPU
		{2081FC11-76D0-4EAA-97E9-86E9DDA0066F}.Release|Any CPU.ActiveCfg = Release|Any CPU
		{2081FC11-76D0-4EAA-97E9-86E9DDA0066F}.Release|Any CPU.Build.0 = Release|Any CPU
		{07EF0EF5-F6CA-40B7-AC17-B31342645886}.Debug|Any CPU.ActiveCfg = Debug|Any CPU
		{07EF0EF5-F6CA-40B7-AC17-B31342645886}.Debug|Any CPU.Build.0 = Debug|Any CPU
		{07EF0EF5-F6CA-40B7-AC17-B31342645886}.Release|Any CPU.ActiveCfg = Release|Any CPU
		{07EF0EF5-F6CA-40B7-AC17-B31342645886}.Release|Any CPU.Build.0 = Release|Any CPU
		{B6699295-92D2-4EE4-8F93-F7E5D46BB9BA}.Debug|Any CPU.ActiveCfg = Debug|Any CPU
		{B6699295-92D2-4EE4-8F93-F7E5D46BB9BA}.Debug|Any CPU.Build.0 = Debug|Any CPU
		{B6699295-92D2-4EE4-8F93-F7E5D46BB9BA}.Release|Any CPU.ActiveCfg = Release|Any CPU
		{B6699295-92D2-4EE4-8F93-F7E5D46BB9BA}.Release|Any CPU.Build.0 = Release|Any CPU
		{1ADC00C0-81C1-44F3-AFAB-B473B05A47AD}.Debug|Any CPU.ActiveCfg = Debug|Any CPU
		{1ADC00C0-81C1-44F3-AFAB-B473B05A47AD}.Debug|Any CPU.Build.0 = Debug|Any CPU
		{1ADC00C0-81C1-44F3-AFAB-B473B05A47AD}.Release|Any CPU.ActiveCfg = Release|Any CPU
		{1ADC00C0-81C1-44F3-AFAB-B473B05A47AD}.Release|Any CPU.Build.0 = Release|Any CPU
		{D0A86975-BDAC-435D-B93E-7824FF16DA1F}.Debug|Any CPU.ActiveCfg = Debug|Any CPU
		{D0A86975-BDAC-435D-B93E-7824FF16DA1F}.Debug|Any CPU.Build.0 = Debug|Any CPU
		{D0A86975-BDAC-435D-B93E-7824FF16DA1F}.Release|Any CPU.ActiveCfg = Release|Any CPU
		{D0A86975-BDAC-435D-B93E-7824FF16DA1F}.Release|Any CPU.Build.0 = Release|Any CPU
		{B66F858C-884D-481D-8822-69DC1DD43804}.Debug|Any CPU.ActiveCfg = Debug|Any CPU
		{B66F858C-884D-481D-8822-69DC1DD43804}.Debug|Any CPU.Build.0 = Debug|Any CPU
		{B66F858C-884D-481D-8822-69DC1DD43804}.Release|Any CPU.ActiveCfg = Release|Any CPU
		{B66F858C-884D-481D-8822-69DC1DD43804}.Release|Any CPU.Build.0 = Release|Any CPU
		{7A3DC214-DEB3-4D55-B2DC-991891CF1D92}.Debug|Any CPU.ActiveCfg = Debug|Any CPU
		{7A3DC214-DEB3-4D55-B2DC-991891CF1D92}.Debug|Any CPU.Build.0 = Debug|Any CPU
		{7A3DC214-DEB3-4D55-B2DC-991891CF1D92}.Release|Any CPU.ActiveCfg = Release|Any CPU
		{7A3DC214-DEB3-4D55-B2DC-991891CF1D92}.Release|Any CPU.Build.0 = Release|Any CPU
		{AF2B69F1-66F9-4033-8DDD-897A2B8F5327}.Debug|Any CPU.ActiveCfg = Debug|Any CPU
		{AF2B69F1-66F9-4033-8DDD-897A2B8F5327}.Debug|Any CPU.Build.0 = Debug|Any CPU
		{AF2B69F1-66F9-4033-8DDD-897A2B8F5327}.Release|Any CPU.ActiveCfg = Release|Any CPU
		{AF2B69F1-66F9-4033-8DDD-897A2B8F5327}.Release|Any CPU.Build.0 = Release|Any CPU
		{B7AB8234-972D-46D7-BB55-D85067C93763}.Debug|Any CPU.ActiveCfg = Debug|Any CPU
		{B7AB8234-972D-46D7-BB55-D85067C93763}.Debug|Any CPU.Build.0 = Debug|Any CPU
		{B7AB8234-972D-46D7-BB55-D85067C93763}.Release|Any CPU.ActiveCfg = Release|Any CPU
		{B7AB8234-972D-46D7-BB55-D85067C93763}.Release|Any CPU.Build.0 = Release|Any CPU
		{03A3921B-F842-4452-8259-D27A5524312A}.Debug|Any CPU.ActiveCfg = Debug|Any CPU
		{03A3921B-F842-4452-8259-D27A5524312A}.Debug|Any CPU.Build.0 = Debug|Any CPU
		{03A3921B-F842-4452-8259-D27A5524312A}.Release|Any CPU.ActiveCfg = Release|Any CPU
		{03A3921B-F842-4452-8259-D27A5524312A}.Release|Any CPU.Build.0 = Release|Any CPU
		{0113282C-566F-4FBE-9E0D-DC73F1E0B073}.Debug|Any CPU.ActiveCfg = Debug|Any CPU
		{0113282C-566F-4FBE-9E0D-DC73F1E0B073}.Debug|Any CPU.Build.0 = Debug|Any CPU
		{0113282C-566F-4FBE-9E0D-DC73F1E0B073}.Release|Any CPU.ActiveCfg = Release|Any CPU
		{0113282C-566F-4FBE-9E0D-DC73F1E0B073}.Release|Any CPU.Build.0 = Release|Any CPU
		{0D2F25D2-DD24-4AB4-A6A9-81A2CD276898}.Debug|Any CPU.ActiveCfg = Debug|Any CPU
		{0D2F25D2-DD24-4AB4-A6A9-81A2CD276898}.Debug|Any CPU.Build.0 = Debug|Any CPU
		{0D2F25D2-DD24-4AB4-A6A9-81A2CD276898}.Release|Any CPU.ActiveCfg = Release|Any CPU
		{0D2F25D2-DD24-4AB4-A6A9-81A2CD276898}.Release|Any CPU.Build.0 = Release|Any CPU
	EndGlobalSection
	GlobalSection(SolutionProperties) = preSolution
		HideSolutionNode = FALSE
	EndGlobalSection
	GlobalSection(ExtensibilityGlobals) = postSolution
		SolutionGuid = {F1BF1E6D-2097-48A5-891E-DD6955820585}
	EndGlobalSection
EndGlobal
